# This file was autogenerated by Stack.
# You should not edit this file by hand.
# For more information, please see the documentation at:
#   https://docs.haskellstack.org/en/stable/lock_files

packages:
- completed:
    hackage: butcher-1.3.3.2@sha256:9513d3bba9c58a43199c43d856dd3901d374117406fb438786dddef6ad8639b1,3301
    pantry-tree:
      sha256: a83cb8c96adf601060ca630f031925a97f62cca41f7b2c6c2e2dd6d1d9f2e908
      size: 1197
  original:
    hackage: butcher-1.3.3.2@sha256:9513d3bba9c58a43199c43d856dd3901d374117406fb438786dddef6ad8639b1,3301
- completed:
    hackage: czipwith-1.0.1.4@sha256:1dfa79a9f0571329b51b3b12e30a10107ef4338a5f4d39cfae0c799a706432d2,1738
    pantry-tree:
      sha256: d35c8039884c92097c6d959eb7ca697f8832db68a9a155f6cef0cebc45e347df
      size: 323
  original:
    hackage: czipwith-1.0.1.4@sha256:1dfa79a9f0571329b51b3b12e30a10107ef4338a5f4d39cfae0c799a706432d2,1738
- completed:
    hackage: data-tree-print-0.1.0.2@sha256:5e4075f56ef64e1d63672278c0c86384f9edf15d2a8a2b85f83fe907f85f4448,1620
    pantry-tree:
      sha256: fc1b06dd4bb3a557ed820f47fe7373eaefd0859bb23dad427008724c817bafc9
      size: 272
  original:
    hackage: data-tree-print-0.1.0.2@sha256:5e4075f56ef64e1d63672278c0c86384f9edf15d2a8a2b85f83fe907f85f4448,1620
- completed:
    hackage: multistate-0.8.0.4@sha256:d113a7298183b0065536b5de9c6dbec6cf3da4bfe6d699e7bbe2e004e9593c4d,3609
    pantry-tree:
      sha256: 275b9ba5c1014a0f572332a992f7b69f315d74ba8dcad50e8fa3f8f2ca3dc16a
      size: 2143
  original:
    hackage: multistate-0.8.0.4@sha256:d113a7298183b0065536b5de9c6dbec6cf3da4bfe6d699e7bbe2e004e9593c4d,3609
snapshots:
- completed:
    sha256: 64d66303f927e87ffe6b8ccf736229bf608731e80d7afdf62bdd63c59f857740
    size: 640037
    url: https://raw.githubusercontent.com/commercialhaskell/stackage-snapshots/master/lts/21/11.yaml
  original:
    url: https://raw.githubusercontent.com/commercialhaskell/stackage-snapshots/master/lts/21/11.yaml
